
Microsoft Visual Studio Solution File, Format Version 12.00
# Visual Studio Version 16
VisualStudioVersion = 25.0.1706.1
MinimumVisualStudioVersion = 10.0.40219.1
Project("{FAE04EC0-301F-11D3-BF4B-00C04F79EFBC}") = "OMDBService", "OMDBService\OMDBService.csproj", "{BD518132-BDA8-4543-A0EE-3D95D790A542}"
EndProject
Global
	GlobalSection(SolutionConfigurationPlatforms) = preSolution
		Debug|Any CPU = Debug|Any CPU
		Release|Any CPU = Release|Any CPU
	EndGlobalSection
	GlobalSection(ProjectConfigurationPlatforms) = postSolution
		{BD518132-BDA8-4543-A0EE-3D95D790A542}.Debug|Any CPU.ActiveCfg = Debug|Any CPU
		{BD518132-BDA8-4543-A0EE-3D95D790A542}.Debug|Any CPU.Build.0 = Debug|Any CPU
		{BD518132-BDA8-4543-A0EE-3D95D790A542}.Release|Any CPU.ActiveCfg = Release|Any CPU
		{BD518132-BDA8-4543-A0EE-3D95D790A542}.Release|Any CPU.Build.0 = Release|Any CPU
	EndGlobalSection
	GlobalSection(SolutionProperties) = preSolution
		HideSolutionNode = FALSE
	EndGlobalSection
	GlobalSection(ExtensibilityGlobals) = postSolution
		SolutionGuid = {39912752-C844-45C1-AC66-F45DEE84FB52}
	EndGlobalSection
EndGlobal
